lockfileVersion: '9.0'

settings:
  autoInstallPeers: true
  excludeLinksFromLockfile: false

importers:

  .:
    dependencies:
      '@testing-library/jest-dom':
        specifier: ^5.16.1
        version: 5.17.0
      '@testing-library/react':
        specifier: ^15.0.2
        version: 15.0.7(@types/react@17.0.91)(react-dom@18.3.1(react@18.3.1))(react@18.3.1)
      '@testing-library/user-event':
        specifier: ^13.5.0
        version: 13.5.0(@testing-library/dom@10.4.1)
      '@types/jest':
        specifier: ^27.4.0
        version: 27.5.2
      '@types/node':
        specifier: ^17.0.8
        version: 17.0.45
      '@types/react':
        specifier: ^17.0.38
        version: 17.0.91
      '@types/react-dom':
        specifier: ^17.0.11
        version: 17.0.26(@types/react@17.0.91)
      express-xss-sanitizer:
        specifier: <1.1.3
        version: 1.1.2
      is-sorted:
        specifier: ^1.0.5
        version: 1.0.5
      jquery.terminal:
        specifier: <2.31.1
        version: 2.31.0
      jwt-simple:
        specifier: ^0.5.6
        version: 0.5.6
      lodash:
        specifier: ^4.17.21
        version: 4.17.21
      markdown-link-extractor:
        specifier: < 3.0.2
        version: 3.0.1
      matrix-js-sdk:
        specifier: <19.7.0
        version: 19.6.0
      moment-timezone:
        specifier: <0.5.35
        version: 0.5.34
      puppeteer:
        specifier: 18.0.5
        version: 18.0.5
      react:
        specifier: ^18.2.0
        version: 18.3.1
      react-dom:
        specifier: ^18.2.0
        version: 18.3.1(react@18.3.1)
      react-scripts:
        specifier: 5.0.0
        version: 5.0.0(@babel/plugin-syntax-flow@7.28.6(@babel/core@7.29.0))(@babel/plugin-transform-react-jsx@7.28.6(@babel/core@7.29.0))(@types/babel__core@7.20.5)(eslint@8.57.1)(react@18.3.1)(type-fest@0.21.3)(typescript@4.9.5)
      smallest:
        specifier: ^1.0.1
        version: 1.0.1
      steal:
        specifier: <=2.3.0
        version: 2.3.0
      typescript:
        specifier: ^4.5.4
        version: 4.9.5
      web-vitals:
        specifier: ^1.1.2
        version: 1.1.2

packages:

  '@testing-library/dom@10.4.1':
    resolution: {integrity: sha512-o4PXJQidqJl82ckFaXUeoAW+XysPLauYI43Abki5hABd853iMhitooc6znOnczgbTYmEP6U6/y1ZyKAIsvMKGg==}
    engines: {node: '>=18'}

  '@testing-library/jest-dom@5.17.0':
    resolution: {integrity: sha512-ynmNeT7asXyH3aSVv4vvX4Rb+0qjOhdNHnO/3vuZNqPmhDpV/+rCSGwQ7bLcmU2cJ4dvoheIO85LQj0IbJHEtg==}
    engines: {node: '>=8', npm: '>=6', yarn: '>=1'}

  '@testing-library/react@15.0.7(@types/react@17.0.91)(react-dom@18.3.1(react@18.3.1))(react@18.3.1)':
    resolution: {integrity: sha512-cg0RvEdD1TIhhkm1IeYMQxrzy0MtUNfa3minv4MjbgcYzJAZ7yD0i0lwoPOTPr+INtiXFezt2o8xMSnyHhEn2Q==}
    engines: {node: '>=18'}
    peerDependencies:
      '@types/react': ^18.0.0
      react: ^18.0.0
      react-dom: ^18.0.0
    peerDependenciesMeta:
      '@types/react':
        optional: true

  '@testing-library/user-event@13.5.0(@testing-library/dom@10.4.1)':
    resolution: {integrity: sha512-5Kwtbo3Y/NowpkbRuSepbyMFkZmHgD+vPzYB/RJ4oxt5Gj/avFFBYjhw27cqSVPVw/3a67NK1PbiIr9k4Gwmdg==}
    engines: {node: '>=10', npm: '>=6'}
    peerDependencies:
      '@testing-library/dom': '>=7.21.4'

  '@types/aria-query@5.0.4':
    resolution: {integrity: sha512-rfT93uj5s0PRL7EzccGMs3brplhcrghnDoV26NqKhCAS1hVo+WdNsPvE/yb6ilfr5hi2MEk6d5EWJTKdxg8jVw==}

  '@types/jest@27.5.2':
    resolution: {integrity: sha512-mpT8LJJ4CMeeahobofYWIjFo0xonRS/HfxnVEPMPFSQdGUt1uHCnoPT7Zhb+sjDU2wz0oKV0OLUR0WzrHNgfeA==}

  '@types/node@17.0.45':
    resolution: {integrity: sha512-w+tIMs3rq2afQdsPJlODhoUEKzFP1ayaoyl1CcnwtIlsVe7K7bA1NGm4s3PraqTLlXnbIN84zuBlxBWo1u9BLw==}

  '@types/prop-types@15.7.15':
    resolution: {integrity: sha512-F6bEyamV9jKGAFBEmlQnesRPGOQqS2+Uwi0Em15xenOxHaf2hv6L8YCVn3rPdPJOiJfPiCnLIRyvwVaqMY3MIw==}

  '@types/react-dom@17.0.26(@types/react@17.0.91)':
    resolution: {integrity: sha512-Z+2VcYXJwOqQ79HreLU/1fyQ88eXSSFh6I3JdrEHQIfYSI0kCQpTGvOrbE6jFGGYXKsHuwY9tBa/w5Uo6KzrEg==}
    peerDependencies:
      '@types/react': ^17.0.0

  '@types/react-dom@18.3.7(@types/react@17.0.91)':
    resolution: {integrity: sha512-MEe3UeoENYVFXzoXEWsvcpg6ZvlrFNlOQ7EOsvhI3CfAXwzPfO8Qwuxd40nepsYKqyyVQnTdEfv68q91yLcKrQ==}
    peerDependencies:
      '@types/react': ^18.0.0

  '@types/react@17.0.91':
    resolution: {integrity: sha512-xauZca6qMeCU3Moy0KxCM9jtf1vyk6qRYK39Ryf3afUqwgNUjRIGoDdS9BcGWgAMGSg1hvP4XcmlYrM66PtqeA==}

  '@types/retry@0.12.0':
    resolution: {integrity: sha512-wWKOClTTiizcZhXnPY4wikVAwmdYHp8q6DmC+EJUzAMsycb7HB32Kh9RN4+0gExjmPmZSAQjgURXIGATPegAvA==}

  '@types/scheduler@0.16.8':
    resolution: {integrity: sha512-WZLiwShhwLRmeV6zH+GkbOFT6Z6VklCItrDioxUnv+u4Ll+8vKeFySoFyK/0ctcRpOmwAicELfmys1sDc/Rw+A==}

  '@types/testing-library__jest-dom@5.14.9':
    resolution: {integrity: sha512-FSYhIjFlfOpGSRyVoMBMuS3ws5ehFQODymf3vlI7U1K8c7PHwWwFY7VREfmsuzHSOnoKs/9/Y983ayOs7eRzqw==}

  another-json@0.2.0:
    resolution: {integrity: sha512-/Ndrl68UQLhnCdsAzEXLMFuOR546o2qbYRqCglaNHbjXrwG1ayTcdwr3zkSGOGtGXDyR5X9nCFfnyG2AFJIsqg==}

  aria-query@5.3.0:
    resolution: {integrity: sha512-b0P0sZPKtyu8HkeRAfCq0IfURZK+SuwMjY1UXGBU27wpAiTwQAIlq56IbIO+ytk/JjS1fMR14ee5WBBfKi5J6A==}

  aria-query@5.3.2:
    resolution: {integrity: sha512-COROpnaoap1E2F000S62r6A60uHZnmlvomhfyT2DlTcrY1OrBKn2UhH7qn5wTC9zMvD0AY7csdPSNwKP+7WiQw==}
    engines: {node: '>= 0.4'}

  bs58@5.0.0:
    resolution: {integrity: sha512-r+ihvQJvahgYT50JD05dyJNKlmmSlMoOGwn1lCcEzanPglg7TxYjioQUYehQ9mAR/+hOSd2jRc/Z2y5UxBymvQ==}

  browser-request@0.3.3:
    resolution: {integrity: sha512-YyNI4qJJ+piQG6MMEuo7J3Bzaqssufx04zpEKYfSrl/1Op59HWali9zMtBpXnkmqMcOuWJPZvudrm9wISmnCbg==}

  chalk@3.0.0:
    resolution: {integrity: sha512-4D3B6Wf41KOYRFdszmDqMCGq5VV/uMAB273JILmO+3jAlh8X4qDtdtgCR3fxtbLEMzSx22QdhnDcJvu2u1fVwg==}
    engines: {node: '>=8'}

  content-type@1.0.5:
    resolution: {integrity: sha512-nTjqfcBFEipKdXCv4YDQWCfmcLZKm81ldF0pAopTvyrFGVbcR6P/VAAd5G7N+0tTr8QqiU0tFadD6FK4NtJwOA==}
    engines: {node: '>= 0.6'}

  css.escape@1.5.1:
    resolution: {integrity: sha512-YUifsXXuknHlUsmlgyY0PKzgPOr7/FjCePfHNt0jxm83wHZi44VDMQ7/fGNkjY3/jV1MC+1CmZbaHzugyeRtpg==}

  csstype@3.2.3:
    resolution: {integrity: sha512-1HGKcYy2xA8AGQfwrn0PAy+PB7X/GSj3UVJW9qKyn43xWa+gl5nXmU4qqLMRzWVLFC8KusUX8T/0kCiOYpAIQ==}

  dequal@2.0.3:
    resolution: {integrity: sha512-0je+qPKHEMohvfRTCEo3CrPG6cAzAYgmzKyxRiYSSDkS6eGJdyVJm7WaYA5ECaAD9wLB2T4EEeymA5aFVcYXCA==}
    engines: {node: '>=6'}

  dom-accessibility-api@0.5.16:
    resolution: {integrity: sha512-X7BJ2yElsnOJ30pZF4uIIDfBEVgF4XEBxL9Bxhy6dnrm5hkzqmsWHGTiHqRiITNhMyFLyAiWndIJP7Z1NTteDg==}

  express-xss-sanitizer@1.1.2:
    resolution: {integrity: sha512-P1rCKL41tzPPurDIGyE0DA7OphFg7t5Xl7xeUykDBvR4MaihzPW4qy/8AZ7B7lH2a2daiZKbZyCuLG/W86cc2w==}

  html-link-extractor@1.0.5:
    resolution: {integrity: sha512-ADd49pudM157uWHwHQPUSX4ssMsvR/yHIswOR5CUfBdK9g9ZYGMhVSE6KZVHJ6kCkR0gH4htsfzU6zECDNVwyw==}

  indent-string@4.0.0:
    resolution: {integrity: sha512-EdDDZu4A2OyIK7Lr/2zG+w5jmbuk1DVBnEwREQvBzspBJkCEbRa8GxU1lghYcaGJCnRWibjDXlq779X1/y5xwg==}
    engines: {node: '>=8'}

  is-sorted@1.0.5:
    resolution: {integrity: sha512-KZJvKDrI+Kg3ixeDaZQIt7RIwcGnm07+NSipyj1r9MtjDrLG678ETy4yO6dBJLUjejPdge9fLCGxsWkQO/3PJg==}

  jquery.terminal@2.31.0:
    resolution: {integrity: sha512-PPYdUImAugjYuOVjTvICp/5BMYRe6WRMP7GG/UJ2hNvsCw0sGpszgsl353HKSNadGk+Z7q95RCYBLSfsnidYSA==}
    hasBin: true

  jwt-simple@0.5.6:
    resolution: {integrity: sha512-40aUybvhH9t2h71ncA1/1SbtTNCVZHgsTsTgqPUxGWDmUDrXyDf2wMNQKEbdBjbf4AI+fQhbECNTV6lWxQKUzg==}
    engines: {node: '>= 0.4.0'}

  lodash@4.17.21:
    resolution: {integrity: sha512-v2kDEe57lecTulaDIuureZ+5x7gLuKoGFn0bdOqX9sFJhbcS5EMjZKinR15BVOZFnfJnO+B+dMlRFKCqMvNFMg==}

  loglevel@1.9.2:
    resolution: {integrity: sha512-HgMmCqIJSAKqo68l0rS2AanEWfkxaZ5wNiEFb5ggm08lDs9Xl2KxBlX3PTcaD2chBM1gXAYf491/M2Rv8Jwayg==}
    engines: {node: '>= 0.6.0'}

  lz-string@1.5.0:
    resolution: {integrity: sha512-h5bgJWpxJNswbU7qCrV0tIKQCaS3blPDrqKWx+QxzuzL1zGUzij9XCWLrSLsJPu5t+eWA/ycetzYAO5IOMcWAQ==}
    hasBin: true

  markdown-link-extractor@3.0.1:
    resolution: {integrity: sha512-m11SWdcqfqJCXZnYQxhuN8hfnrboxTXPUPo1216HSmNdu5P8fNUSTDnflBKzX/ZU6+uHBZjyzQnL1Pod41MCfw==}

  marked@4.3.0:
    resolution: {integrity: sha512-PRsaiG84bK+AMvxziE/lCFss8juXjNaWzVbN5tXAm4XjeaS9NAHhop+PjQxz2A9h8Q4M/xGmzP8vqNwy6JeK0A==}
    engines: {node: '>= 12'}
    hasBin: true

  matrix-events-sdk@0.0.1:
    resolution: {integrity: sha512-1QEOsXO+bhyCroIe2/A5OwaxHvBm7EsSQ46DEDn8RBIfQwN5HWBpFvyWWR4QY0KHPPnnJdI99wgRiAl7Ad5qaA==}

  matrix-js-sdk@19.6.0:
    resolution: {integrity: sha512-VU+FTixX+NfWeUbFNR1I0+RUQlXJCoYrg+qDcYje0faalcRN2zWJmS2KWD0hXIqXQS2q44zbPc7WzpPjd0ToAQ==}
    engines: {node: '>=12.9.0'}

  min-indent@1.0.1:
    resolution: {integrity: sha512-I9jwMn07Sy/IwOj3zVkVik2JTvgpaykDZEigL6Rx6N9LbMywwUSMtxET+7lVoDLLd3O3IXwJwvuuns8UB/HeAg==}
    engines: {node: '>=4'}

  moment-timezone@0.5.34:
    resolution: {integrity: sha512-3zAEHh2hKUs3EXLESx/wsgw6IQdusOT8Bxm3D9UrHPQR7zlMmzwybC8zHEM1tQ4LJwP7fcxrWr8tuBg05fFCbg==}

  moment@2.30.1:
    resolution: {integrity: sha512-uEmtNhbDOrWPFS+hdjFCBfy9f2YoyzRpwcl+DqpC6taX21FzsTLQVbMV/W7PzNSX6x/bhC1zA3c2UQ5NzH6how==}

  p-retry@4.6.2:
    resolution: {integrity: sha512-312Id396EbJdvRONlngUx0NydfrIQ5lsYu0znKVUzVvArzEIt08V1qhtyESbGVd1FGX7UKtiFp5uwKZdM8wIuQ==}
    engines: {node: '>=8'}

  picocolors@1.1.1:
    resolution: {integrity: sha512-xceH2snhtb5M9liqDsmEw56le376mTZkEX/jEb/RxNFyegNul7eNslCXP9FDj/Lcu0X8KEyMceP2ntpaHrDEVA==}

  pretty-format@27.5.1:
    resolution: {integrity: sha512-Qb1gy5OrP5+zDf2Bvnzdl3jsTf1qXVMazbvCoKhtKqVs4/YK4ozX4gKQJJVyNe+cajNPn0KoC0MC3FUmaHWEmQ==}
    engines: {node: ^10.13.0 || ^12.13.0 || ^14.15.0 || >=15.0.0}

  puppeteer@18.0.5:
    resolution: {integrity: sha512-s4erjxU0VtKojPvF+KvLKG6OHUPw7gO2YV1dtOsoryyCbhrs444fXb4QZqGWuTv3V/rgSCUzeixxu34g0ZkSMA==}
    engines: {node: '>=14.1.0'}
    deprecated: < 24.15.0 is no longer supported

  qs@6.15.1:
    resolution: {integrity: sha512-6YHEFRL9mfgcAvql/XhwTvf5jKcOiiupt2FiJxHkiX1z4j7WL8J/jRHYLluORvc1XxB5rV20KoeK00gVJamspg==}
    engines: {node: '>=0.6'}

  react-dom@18.3.1(react@18.3.1):
    resolution: {integrity: sha512-5m4nQKp+rZRb09LNH59GM4BxTh9251/ylbKIbpe7TpGxfJ+9kv6BLkLBXIjjspbgbnIBNqlI23tRnTWT0snUIw==}
    peerDependencies:
      react: ^18.3.1

  react-is@17.0.2:
    resolution: {integrity: sha512-w2GsyukL62IJnlaff/nRegPQR94C/XXamvMWmSHRJ4y7Ts/4ocGRmTHvOs8PSE6pB3dWOrD/nueuU5sduBsQ4w==}

  react-scripts@5.0.0(@babel/plugin-syntax-flow@7.28.6(@babel/core@7.29.0))(@babel/plugin-transform-react-jsx@7.28.6(@babel/core@7.29.0))(@types/babel__core@7.20.5)(eslint@8.57.1)(react@18.3.1)(type-fest@0.21.3)(typescript@4.9.5):
    resolution: {integrity: sha512-3i0L2CyIlROz7mxETEdfif6Sfhh9Lfpzi10CtcGs1emDQStmZfWjJbAIMtRD0opVUjQuFWqHZyRZ9PPzKCFxWg==}
    engines: {node: '>=14.0.0'}
    hasBin: true
    peerDependencies:
      eslint: '*'
      react: '>= 16'
      typescript: ^3.2.1 || ^4
    peerDependenciesMeta:
      typescript:
        optional: true

  react@18.3.1:
    resolution: {integrity: sha512-wS+hAgJShR0KhEvPJArfuPVN1+Hz1t0Y6n5jLrGQbkb4urgPE/0Rve+1kMB1v/oWgHgm4WIcV+i7F2pTVj+2iQ==}
    engines: {node: '>=0.10.0'}

  redent@3.0.0:
    resolution: {integrity: sha512-6tDA8g98We0zk3hMMQ9ogy7TmTKl9d1mKqNbPCxHKkQJEKAO3cDmvV7aVFSJJImHCnWcUJJyAiBoVQBkBrFtg==}
    engines: {node: '>=8'}

  request@2.88.2:
    resolution: {integrity: sha512-MsvtOrfG9ZcrOwAW+Qi+F6HbD0CWXEh9ou77uOb7FM2WPhwT7smM833PzanhJLsgXjN89Ir6V2PczXNnMpwKhw==}
    deprecated: request has been deprecated, see https://github.com/request/request/issues/3142

  retry@0.13.1:
    resolution: {integrity: sha512-XQBQ3I8W1Cge0Seh+6gjj03LbmRFWuoszgK9ooCpwYIrhhoO80pfq4cUkU5DkknwfOfFteRwlZ56PYOGYyFWdg==}
    engines: {node: '>= 4'}

  sanitize-html@2.7.3:
    resolution: {integrity: sha512-jMaHG29ak4miiJ8wgqA1849iInqORgNv7SLfSw9LtfOhEUQ1C0YHKH73R+hgyufBW9ZFeJrb057k9hjlfBCVlw==}

  scheduler@0.23.2:
    resolution: {integrity: sha512-UOShsPwz7NrMUqhR6t0hWjFduvOzbtv7toDH1/hIrfRNIDBnnBWd0CwJTGvTpngVlmwGCdP9/Zl/tVrDqcuYzQ==}

  smallest@1.0.1:
    resolution: {integrity: sha512-iZqKflwrMMfQfMpu4wvHZJ1D4SODLtBjW9K3FSMMFg6nmh4Ksuo2NRWclVRi7INGbsH87EvuuiLtcM/0a1sikw==}

  steal@2.3.0:
    resolution: {integrity: sha512-Bz1Y2jh6MFlWiXMeQvrl6JBn8wrYQA3aFxCiiuTlCHue0TyTv8k6tCIuZOOvia1vilLEFxDcdEzWaiTpnfH5zg==}

  strip-indent@3.0.0:
    resolution: {integrity: sha512-laJTa3Jb+VQpaC6DseHhF7dXVqHTfJPCRDaEbid/drOhgitgYku/letMUqOXFoWV0zIIUbjpdH2t+tYj4bQMRQ==}
    engines: {node: '>=8'}

  to-array@0.1.4:
    resolution: {integrity: sha512-LhVdShQD/4Mk4zXNroIQZJC+Ap3zgLcDuwEdcmLv9CCO73NWockQDwyUnW/m8VX/EEljL6FcYx7EeutN4HJA6A==}

  typescript@4.9.5:
    resolution: {integrity: sha512-1FXk9E2Hm+QzZQ7z+McJiHL4NW1F2EzMu9Nq9i3zAaGqibafqYwCVU6WyWAuyQRRzOlxou8xZSyXLEN8oKj24g==}
    engines: {node: '>=4.2.0'}
    hasBin: true

  unhomoglyph@1.0.6:
    resolution: {integrity: sha512-7uvcWI3hWshSADBu4JpnyYbTVc7YlhF5GDW/oPD5AxIxl34k4wXR3WDkPnzLxkN32LiTCTKMQLtKVZiwki3zGg==}

  web-vitals@1.1.2:
    resolution: {integrity: sha512-7EAHlyLHI56VEIdK57uwHdHKIaAGbnXPiw0yWbarQZOKaKpvUIgW0jWRVLiatnM+XXlSwsanIBH/hzGMJulMow==}

snapshots:

  '@testing-library/dom@10.4.1':
    dependencies:
      '@babel/code-frame': 7.29.0
      '@babel/runtime': 7.29.2
      '@types/aria-query': 5.0.4
      aria-query: 5.3.0
      dom-accessibility-api: 0.5.16
      lz-string: 1.5.0
      picocolors: 1.1.1
      pretty-format: 27.5.1

  '@testing-library/jest-dom@5.17.0':
    dependencies:
      '@adobe/css-tools': 4.4.4
      '@babel/runtime': 7.29.2
      '@types/testing-library__jest-dom': 5.14.9
      aria-query: 5.3.2
      chalk: 3.0.0
      css.escape: 1.5.1
      dom-accessibility-api: 0.5.16
      lodash: 4.17.21
      redent: 3.0.0

  '@testing-library/react@15.0.7(@types/react@17.0.91)(react-dom@18.3.1(react@18.3.1))(react@18.3.1)':
    dependencies:
      '@babel/runtime': 7.29.2
      '@testing-library/dom': 10.4.1
      '@types/react': 17.0.91
      '@types/react-dom': 18.3.7(@types/react@17.0.91)
      react: 18.3.1
      react-dom: 18.3.1(react@18.3.1)

  '@testing-library/user-event@13.5.0(@testing-library/dom@10.4.1)':
    dependencies:
      '@babel/runtime': 7.29.2
      '@testing-library/dom': 10.4.1

  '@types/aria-query@5.0.4': {}

  '@types/jest@27.5.2':
    dependencies:
      jest-matcher-utils: 27.5.1
      pretty-format: 27.5.1

  '@types/node@17.0.45': {}

  '@types/prop-types@15.7.15': {}

  '@types/react-dom@17.0.26(@types/react@17.0.91)':
    dependencies:
      '@types/react': 17.0.91

  '@types/react-dom@18.3.7(@types/react@17.0.91)':
    dependencies:
      '@types/react': 17.0.91

  '@types/react@17.0.91':
    dependencies:
      '@types/prop-types': 15.7.15
      '@types/scheduler': 0.16.8
      csstype: 3.2.3

  '@types/retry@0.12.0': {}

  '@types/scheduler@0.16.8': {}

  '@types/testing-library__jest-dom@5.14.9':
    dependencies:
      '@types/jest': 27.5.2

  another-json@0.2.0: {}

  aria-query@5.3.0:
    dependencies:
      dequal: 2.0.3

  aria-query@5.3.2: {}

  bs58@5.0.0:
    dependencies:
      base-x: 4.0.1

  browser-request@0.3.3: {}

  chalk@3.0.0:
    dependencies:
      ansi-styles: 4.3.0
      supports-color: 7.2.0

  content-type@1.0.5: {}

  css.escape@1.5.1: {}

  csstype@3.2.3: {}

  dequal@2.0.3: {}

  dom-accessibility-api@0.5.16: {}

  express-xss-sanitizer@1.1.2:
    dependencies:
      sanitize-html: 2.7.3

  html-link-extractor@1.0.5: {}

  indent-string@4.0.0: {}

  is-sorted@1.0.5: {}

  jquery.terminal@2.31.0:
    dependencies:
      '@jcubic/lily': 0.3.0
      '@types/jquery': 3.5.34
      ansidec: 0.3.5
      iconv-lite: 0.6.3
      jquery: 3.7.1
      prismjs: 1.30.0
      wcwidth: 1.0.1
    optionalDependencies:
      fsevents: 2.3.3

  jwt-simple@0.5.6: {}

  lodash@4.17.21: {}

  loglevel@1.9.2: {}

  lz-string@1.5.0: {}

  markdown-link-extractor@3.0.1:
    dependencies:
      html-link-extractor: 1.0.5
      marked: 4.3.0

  marked@4.3.0: {}

  matrix-events-sdk@0.0.1: {}

  matrix-js-sdk@19.6.0:
    dependencies:
      '@babel/runtime': 7.29.2
      another-json: 0.2.0
      browser-request: 0.3.3
      bs58: 5.0.0
      content-type: 1.0.5
      loglevel: 1.9.2
      matrix-events-sdk: 0.0.1
      p-retry: 4.6.2
      qs: 6.15.1
      request: 2.88.2
      unhomoglyph: 1.0.6

  min-indent@1.0.1: {}

  moment-timezone@0.5.34:
    dependencies:
      moment: 2.30.1

  moment@2.30.1: {}

  p-retry@4.6.2:
    dependencies:
      '@types/retry': 0.12.0
      retry: 0.13.1

  picocolors@1.1.1: {}

  pretty-format@27.5.1:
    dependencies:
      ansi-regex: 5.0.1
      ansi-styles: 5.2.0
      react-is: 17.0.2

  puppeteer@18.0.5:
    dependencies:
      cross-fetch: 3.1.5
      debug: 4.3.4
      devtools-protocol: 0.0.1036444
      extract-zip: 2.0.1
      https-proxy-agent: 5.0.1
      progress: 2.0.3
      proxy-from-env: 1.1.0
      rimraf: 3.0.2
      tar-fs: 2.1.1
      unbzip2-stream: 1.4.3
      ws: 8.8.1

  qs@6.15.1: {}

  react-dom@18.3.1(react@18.3.1):
    dependencies:
      loose-envify: 1.4.0
      react: 18.3.1
      scheduler: 0.23.2

  react-is@17.0.2: {}

  react-scripts@5.0.0(@babel/plugin-syntax-flow@7.28.6(@babel/core@7.29.0))(@babel/plugin-transform-react-jsx@7.28.6(@babel/core@7.29.0))(@types/babel__core@7.20.5)(eslint@8.57.1)(react@18.3.1)(type-fest@0.21.3)(typescript@4.9.5):
    dependencies:
      react: 18.3.1
      typescript: 4.9.5

  react@18.3.1:
    dependencies:
      loose-envify: 1.4.0

  redent@3.0.0:
    dependencies:
      indent-string: 4.0.0
      strip-indent: 3.0.0

  request@2.88.2: {}

  retry@0.13.1: {}

  sanitize-html@2.7.3: {}

  scheduler@0.23.2:
    dependencies:
      loose-envify: 1.4.0

  smallest@1.0.1:
    dependencies:
      to-array: 0.1.4

  steal@2.3.0: {}

  strip-indent@3.0.0:
    dependencies:
      min-indent: 1.0.1

  to-array@0.1.4: {}

  typescript@4.9.5: {}

  unhomoglyph@1.0.6: {}

  web-vitals@1.1.2: {}
